
Microsoft Visual Studio Solution File, Format Version 12.00
# Visual Studio Version 17
VisualStudioVersion = 17.7.34003.232
MinimumVisualStudioVersion = 10.0.40219.1
Project("{FAE04EC0-301F-11D3-BF4B-00C04F79EFBC}") = "GeometryExample", "GeometryExample\GeometryExample.csproj", "{F627F9A5-F8D8-4525-AE09-45C0AE8E7766}"
EndProject
Project("{FAE04EC0-301F-11D3-BF4B-00C04F79EFBC}") = "Exam2", "Exam2\Exam2.csproj", "{1BEFA775-231C-4C61-B9EC-C6A181EE2669}"
EndProject
Global
	GlobalSection(SolutionConfigurationPlatforms) = preSolution
		Debug|Any CPU = Debug|Any CPU
		Release|Any CPU = Release|Any CPU
	EndGlobalSection
	GlobalSection(ProjectConfigurationPlatforms) = postSolution
		{F627F9A5-F8D8-4525-AE09-45C0AE8E7766}.Debug|Any CPU.ActiveCfg = Debug|Any CPU
		{F627F9A5-F8D8-4525-AE09-45C0AE8E7766}.Debug|Any CPU.Build.0 = Debug|Any CPU
		{F627F9A5-F8D8-4525-AE09-45C0AE8E7766}.Release|Any CPU.ActiveCfg = Release|Any CPU
		{F627F9A5-F8D8-4525-AE09-45C0AE8E7766}.Release|Any CPU.Build.0 = Release|Any CPU
		{1BEFA775-231C-4C61-B9EC-C6A181EE2669}.Debug|Any CPU.ActiveCfg = Debug|Any CPU
		{1BEFA775-231C-4C61-B9EC-C6A181EE2669}.Debug|Any CPU.Build.0 = Debug|Any CPU
		{1BEFA775-231C-4C61-B9EC-C6A181EE2669}.Release|Any CPU.ActiveCfg = Release|Any CPU
		{1BEFA775-231C-4C61-B9EC-C6A181EE2669}.Release|Any CPU.Build.0 = Release|Any CPU
	EndGlobalSection
	GlobalSection(SolutionProperties) = preSolution
		HideSolutionNode = FALSE
	EndGlobalSection
	GlobalSection(ExtensibilityGlobals) = postSolution
		SolutionGuid = {57DA190B-6C38-44D7-821A-A89E1E6F9674}
	EndGlobalSection
EndGlobal
